
Microsoft Visual Studio Solution File, Format Version 12.00
# Visual Studio Version 16
VisualStudioVersion = 16.0.30413.136
MinimumVisualStudioVersion = 10.0.40219.1
Project("{FAE04EC0-301F-11D3-BF4B-00C04F79EFBC}") = "SerializationIp", "SerializationIp\SerializationIp.csproj", "{4D93E4CE-F780-4761-A443-7D56DE979ACB}"
EndProject
Global
	GlobalSection(SolutionConfigurationPlatforms) = preSolution
		Debug|Any CPU = Debug|Any CPU
		Release|Any CPU = Release|Any CPU
	EndGlobalSection
	GlobalSection(ProjectConfigurationPlatforms) = postSolution
		{4D93E4CE-F780-4761-A443-7D56DE979ACB}.Debug|Any CPU.ActiveCfg = Debug|Any CPU
		{4D93E4CE-F780-4761-A443-7D56DE979ACB}.Debug|Any CPU.Build.0 = Debug|Any CPU
		{4D93E4CE-F780-4761-A443-7D56DE979ACB}.Release|Any CPU.ActiveCfg = Release|Any CPU
		{4D93E4CE-F780-4761-A443-7D56DE979ACB}.Release|Any CPU.Build.0 = Release|Any CPU
	EndGlobalSection
	GlobalSection(SolutionProperties) = preSolution
		HideSolutionNode = FALSE
	EndGlobalSection
	GlobalSection(ExtensibilityGlobals) = postSolution
		SolutionGuid = {AB00FF70-B015-451E-9DA4-13CE18645A23}
	EndGlobalSection
EndGlobal
